// !$*UTF8*$!
{
	archiveVersion = 1;
	classes = {
	};
	objectVersion = 46;
	objects = {

/* Begin PBXBuildFile section */
		8232ED631C1A6CE500539717 /* CPView.m in Sources */ = {isa = PBXBuildFile; fileRef = 8232ED621C1A6CE500539717 /* CPView.m */; };
		8232ED661C1A6D9800539717 /* CCBoardView.m in Sources */ = {isa = PBXBuildFile; fileRef = 8232ED651C1A6D9800539717 /* CCBoardView.m */; };
		824B89971C1FAC1400078A97 /* common.m in Sources */ = {isa = PBXBuildFile; fileRef = 824B89961C1FAC1400078A97 /* common.m */; };
		824B89A11C21546F00078A97 /* home@2x.png in Resources */ = {isa = PBXBuildFile; fileRef = 824B89A01C21546F00078A97 /* home@2x.png */; };
		824B89A31C21548B00078A97 /* home@3x.png in Resources */ = {isa = PBXBuildFile; fileRef = 824B89A21C21548B00078A97 /* home@3x.png */; };
		824B89A51C21596600078A97 /* bg@3x.png in Resources */ = {isa = PBXBuildFile; fileRef = 824B89A41C21596600078A97 /* bg@3x.png */; };
		824B89A71C21596E00078A97 /* bg@2x.png in Resources */ = {isa = PBXBuildFile; fileRef = 824B89A61C21596E00078A97 /* bg@2x.png */; };
		824B89AA1C2162E600078A97 /* HomeViewController.m in Sources */ = {isa = PBXBuildFile; fileRef = 824B89A91C2162E600078A97 /* HomeViewController.m */; };
		824B89AF1C22549000078A97 /* XZCCViewController.m in Sources */ = {isa = PBXBuildFile; fileRef = 824B89AE1C22549000078A97 /* XZCCViewController.m */; };
		824B89B21C22958F00078A97 /* XZButton.m in Sources */ = {isa = PBXBuildFile; fileRef = 824B89B11C22958F00078A97 /* XZButton.m */; };
		82532E1B1C23F4F100A80448 /* MBProgressHUD.m in Sources */ = {isa = PBXBuildFile; fileRef = 82532E1A1C23F4F100A80448 /* MBProgressHUD.m */; };
		82532E1E1C23F8F300A80448 /* Tools.m in Sources */ = {isa = PBXBuildFile; fileRef = 82532E1D1C23F8F300A80448 /* Tools.m */; };
		82532E221C26485900A80448 /* XZVSViewController.m in Sources */ = {isa = PBXBuildFile; fileRef = 82532E211C26485900A80448 /* XZVSViewController.m */; };
		82532E241C264BD800A80448 /* ccicon.png in Resources */ = {isa = PBXBuildFile; fileRef = 82532E231C264BD800A80448 /* ccicon.png */; };
		82532E271C264E1700A80448 /* RoleView.m in Sources */ = {isa = PBXBuildFile; fileRef = 82532E261C264E1700A80448 /* RoleView.m */; };
		829514611C1E6F880071E634 /* board.jpeg in Resources */ = {isa = PBXBuildFile; fileRef = 829514601C1E6F880071E634 /* board.jpeg */; };
		829514641C1E8FAB0071E634 /* XZCPMarshal.m in Sources */ = {isa = PBXBuildFile; fileRef = 829514631C1E8FAB0071E634 /* XZCPMarshal.m */; };
		829514671C1E8FE30071E634 /* XZCPSergeancy.m in Sources */ = {isa = PBXBuildFile; fileRef = 829514661C1E8FE30071E634 /* XZCPSergeancy.m */; };
		8295146A1C1E8FF90071E634 /* XZCPElephant.m in Sources */ = {isa = PBXBuildFile; fileRef = 829514691C1E8FF90071E634 /* XZCPElephant.m */; };
		8295146D1C1E90120071E634 /* XZCPHorse.m in Sources */ = {isa = PBXBuildFile; fileRef = 8295146C1C1E90120071E634 /* XZCPHorse.m */; };
		829514701C1E90240071E634 /* XZCPGharry.m in Sources */ = {isa = PBXBuildFile; fileRef = 8295146F1C1E90240071E634 /* XZCPGharry.m */; };
		829514731C1E903E0071E634 /* XZCPCannon.m in Sources */ = {isa = PBXBuildFile; fileRef = 829514721C1E903E0071E634 /* XZCPCannon.m */; };
		829514761C1E904F0071E634 /* XZCPSoldier.m in Sources */ = {isa = PBXBuildFile; fileRef = 829514751C1E904F0071E634 /* XZCPSoldier.m */; };
		82EBE9AF1C185315007515C2 /* main.m in Sources */ = {isa = PBXBuildFile; fileRef = 82EBE9AE1C185315007515C2 /* main.m */; };
		82EBE9B21C185315007515C2 /* AppDelegate.m in Sources */ = {isa = PBXBuildFile; fileRef = 82EBE9B11C185315007515C2 /* AppDelegate.m */; };
		82EBE9B41C185315007515C2 /* Images.xcassets in Resources */ = {isa = PBXBuildFile; fileRef = 82EBE9B31C185315007515C2 /* Images.xcassets */; };
		82EBE9B71C185315007515C2 /* LaunchScreen.xib in Resources */ = {isa = PBXBuildFile; fileRef = 82EBE9B51C185315007515C2 /* LaunchScreen.xib */; };
		82EBE9C31C185315007515C2 /* chinese_chessTests.m in Sources */ = {isa = PBXBuildFile; fileRef = 82EBE9C21C185315007515C2 /* chinese_chessTests.m */; };
		82EBEA101C185F99007515C2 /* XZChessPiece.m in Sources */ = {isa = PBXBuildFile; fileRef = 82EBEA0F1C185F99007515C2 /* XZChessPiece.m */; };
		82EBEA131C1867FC007515C2 /* CCSystemModel.m in Sources */ = {isa = PBXBuildFile; fileRef = 82EBEA121C1867FC007515C2 /* CCSystemModel.m */; };
/* End PBXBuildFile section */

/* Begin PBXContainerItemProxy section */
		82EBE9BD1C185315007515C2 /* PBXContainerItemProxy */ = {
			isa = PBXContainerItemProxy;
			containerPortal = 82EBE9A11C185315007515C2 /* Project object */;
			proxyType = 1;
			remoteGlobalIDString = 82EBE9A81C185315007515C2;
			remoteInfo = chinese_chess;
		};
/* End PBXContainerItemProxy section */

/* Begin PBXFileReference section */
		8232ED611C1A6CE500539717 /* CPView.h */ = {isa = PBXFileReference; fileEncoding = 4; lastKnownFileType = sourcecode.c.h; path = CPView.h; sourceTree = "<group>"; };
		8232ED621C1A6CE500539717 /* CPView.m */ = {isa = PBXFileReference; fileEncoding = 4; lastKnownFileType = sourcecode.c.objc; path = CPView.m; sourceTree = "<group>"; };
		8232ED641C1A6D9800539717 /* CCBoardView.h */ = {isa = PBXFileReference; fileEncoding = 4; lastKnownFileType = sourcecode.c.h; path = CCBoardView.h; sourceTree = "<group>"; };
		8232ED651C1A6D9800539717 /* CCBoardView.m */ = {isa = PBXFileReference; fileEncoding = 4; lastKnownFileType = sourcecode.c.objc; path = CCBoardView.m; sourceTree = "<group>"; };
		824B89961C1FAC1400078A97 /* common.m */ = {isa = PBXFileReference; fileEncoding = 4; lastKnownFileType = sourcecode.c.objc; path = common.m; sourceTree = "<group>"; };
		824B89981C1FBB7000078A97 /* viewSize.h */ = {isa = PBXFileReference; lastKnownFileType = sourcecode.c.h; path = viewSize.h; sourceTree = "<group>"; };
		824B89A01C21546F00078A97 /* home@2x.png */ = {isa = PBXFileReference; lastKnownFileType = image.png; path = "home@2x.png"; sourceTree = "<group>"; };
		824B89A21C21548B00078A97 /* home@3x.png */ = {isa = PBXFileReference; lastKnownFileType = image.png; path = "home@3x.png"; sourceTree = "<group>"; };
		824B89A41C21596600078A97 /* bg@3x.png */ = {isa = PBXFileReference; lastKnownFileType = image.png; path = "bg@3x.png"; sourceTree = "<group>"; };
		824B89A61C21596E00078A97 /* bg@2x.png */ = {isa = PBXFileReference; lastKnownFileType = image.png; path = "bg@2x.png"; sourceTree = "<group>"; };
		824B89A81C2162E600078A97 /* HomeViewController.h */ = {isa = PBXFileReference; fileEncoding = 4; lastKnownFileType = sourcecode.c.h; path = HomeViewController.h; sourceTree = "<group>"; };
		824B89A91C2162E600078A97 /* HomeViewController.m */ = {isa = PBXFileReference; fileEncoding = 4; lastKnownFileType = sourcecode.c.objc; path = HomeViewController.m; sourceTree = "<group>"; };
		824B89AD1C22549000078A97 /* XZCCViewController.h */ = {isa = PBXFileReference; fileEncoding = 4; lastKnownFileType = sourcecode.c.h; name = XZCCViewController.h; path = ../XZCCViewController.h; sourceTree = "<group>"; };
		824B89AE1C22549000078A97 /* XZCCViewController.m */ = {isa = PBXFileReference; fileEncoding = 4; lastKnownFileType = sourcecode.c.objc; name = XZCCViewController.m; path = ../XZCCViewController.m; sourceTree = "<group>"; };
		824B89B01C22958F00078A97 /* XZButton.h */ = {isa = PBXFileReference; fileEncoding = 4; lastKnownFileType = sourcecode.c.h; path = XZButton.h; sourceTree = "<group>"; };
		824B89B11C22958F00078A97 /* XZButton.m */ = {isa = PBXFileReference; fileEncoding = 4; lastKnownFileType = sourcecode.c.objc; path = XZButton.m; sourceTree = "<group>"; };
		82532E191C23F4F100A80448 /* MBProgressHUD.h */ = {isa = PBXFileReference; fileEncoding = 4; lastKnownFileType = sourcecode.c.h; path = MBProgressHUD.h; sourceTree = "<group>"; };
		82532E1A1C23F4F100A80448 /* MBProgressHUD.m */ = {isa = PBXFileReference; fileEncoding = 4; lastKnownFileType = sourcecode.c.objc; path = MBProgressHUD.m; sourceTree = "<group>"; };
		82532E1C1C23F8F300A80448 /* Tools.h */ = {isa = PBXFileReference; fileEncoding = 4; lastKnownFileType = sourcecode.c.h; path = Tools.h; sourceTree = "<group>"; };
		82532E1D1C23F8F300A80448 /* Tools.m */ = {isa = PBXFileReference; fileEncoding = 4; lastKnownFileType = sourcecode.c.objc; path = Tools.m; sourceTree = "<group>"; };
		82532E201C26485900A80448 /* XZVSViewController.h */ = {isa = PBXFileReference; fileEncoding = 4; lastKnownFileType = sourcecode.c.h; path = XZVSViewController.h; sourceTree = "<group>"; };
		82532E211C26485900A80448 /* XZVSViewController.m */ = {isa = PBXFileReference; fileEncoding = 4; lastKnownFileType = sourcecode.c.objc; path = XZVSViewController.m; sourceTree = "<group>"; };
		82532E231C264BD800A80448 /* ccicon.png */ = {isa = PBXFileReference; lastKnownFileType = image.png; path = ccicon.png; sourceTree = "<group>"; };
		82532E251C264E1700A80448 /* RoleView.h */ = {isa = PBXFileReference; fileEncoding = 4; lastKnownFileType = sourcecode.c.h; path = RoleView.h; sourceTree = "<group>"; };
		82532E261C264E1700A80448 /* RoleView.m */ = {isa = PBXFileReference; fileEncoding = 4; lastKnownFileType = sourcecode.c.objc; path = RoleView.m; sourceTree = "<group>"; };
		8295145F1C1E638B0071E634 /* common.h */ = {isa = PBXFileReference; lastKnownFileType = sourcecode.c.h; path = common.h; sourceTree = "<group>"; };
		829514601C1E6F880071E634 /* board.jpeg */ = {isa = PBXFileReference; lastKnownFileType = image.jpeg; path = board.jpeg; sourceTree = "<group>"; };
		829514621C1E8FAB0071E634 /* XZCPMarshal.h */ = {isa = PBXFileReference; fileEncoding = 4; lastKnownFileType = sourcecode.c.h; path = XZCPMarshal.h; sourceTree = "<group>"; };
		829514631C1E8FAB0071E634 /* XZCPMarshal.m */ = {isa = PBXFileReference; fileEncoding = 4; lastKnownFileType = sourcecode.c.objc; path = XZCPMarshal.m; sourceTree = "<group>"; };
		829514651C1E8FE30071E634 /* XZCPSergeancy.h */ = {isa = PBXFileReference; fileEncoding = 4; lastKnownFileType = sourcecode.c.h; path = XZCPSergeancy.h; sourceTree = "<group>"; };
		829514661C1E8FE30071E634 /* XZCPSergeancy.m */ = {isa = PBXFileReference; fileEncoding = 4; lastKnownFileType = sourcecode.c.objc; path = XZCPSergeancy.m; sourceTree = "<group>"; };
		829514681C1E8FF90071E634 /* XZCPElephant.h */ = {isa = PBXFileReference; fileEncoding = 4; lastKnownFileType = sourcecode.c.h; path = XZCPElephant.h; sourceTree = "<group>"; };
		829514691C1E8FF90071E634 /* XZCPElephant.m */ = {isa = PBXFileReference; fileEncoding = 4; lastKnownFileType = sourcecode.c.objc; path = XZCPElephant.m; sourceTree = "<group>"; };
		8295146B1C1E90120071E634 /* XZCPHorse.h */ = {isa = PBXFileReference; fileEncoding = 4; lastKnownFileType = sourcecode.c.h; path = XZCPHorse.h; sourceTree = "<group>"; };
		8295146C1C1E90120071E634 /* XZCPHorse.m */ = {isa = PBXFileReference; fileEncoding = 4; lastKnownFileType = sourcecode.c.objc; path = XZCPHorse.m; sourceTree = "<group>"; };
		8295146E1C1E90240071E634 /* XZCPGharry.h */ = {isa = PBXFileReference; fileEncoding = 4; lastKnownFileType = sourcecode.c.h; path = XZCPGharry.h; sourceTree = "<group>"; };
		8295146F1C1E90240071E634 /* XZCPGharry.m */ = {isa = PBXFileReference; fileEncoding = 4; lastKnownFileType = sourcecode.c.objc; path = XZCPGharry.m; sourceTree = "<group>"; };
		829514711C1E903E0071E634 /* XZCPCannon.h */ = {isa = PBXFileReference; fileEncoding = 4; lastKnownFileType = sourcecode.c.h; path = XZCPCannon.h; sourceTree = "<group>"; };
		829514721C1E903E0071E634 /* XZCPCannon.m */ = {isa = PBXFileReference; fileEncoding = 4; lastKnownFileType = sourcecode.c.objc; path = XZCPCannon.m; sourceTree = "<group>"; };
		829514741C1E904F0071E634 /* XZCPSoldier.h */ = {isa = PBXFileReference; fileEncoding = 4; lastKnownFileType = sourcecode.c.h; path = XZCPSoldier.h; sourceTree = "<group>"; };
		829514751C1E904F0071E634 /* XZCPSoldier.m */ = {isa = PBXFileReference; fileEncoding = 4; lastKnownFileType = sourcecode.c.objc; path = XZCPSoldier.m; sourceTree = "<group>"; };
		82EBE9A91C185315007515C2 /* chinese_chess.app */ = {isa = PBXFileReference; explicitFileType = wrapper.application; includeInIndex = 0; path = chinese_chess.app; sourceTree = BUILT_PRODUCTS_DIR; };
		82EBE9AD1C185315007515C2 /* Info.plist */ = {isa = PBXFileReference; lastKnownFileType = text.plist.xml; path = Info.plist; sourceTree = "<group>"; };
		82EBE9AE1C185315007515C2 /* main.m */ = {isa = PBXFileReference; lastKnownFileType = sourcecode.c.objc; path = main.m; sourceTree = "<group>"; };
		82EBE9B01C185315007515C2 /* AppDelegate.h */ = {isa = PBXFileReference; lastKnownFileType = sourcecode.c.h; path = AppDelegate.h; sourceTree = "<group>"; };
		82EBE9B11C185315007515C2 /* AppDelegate.m */ = {isa = PBXFileReference; lastKnownFileType = sourcecode.c.objc; path = AppDelegate.m; sourceTree = "<group>"; };
		82EBE9B31C185315007515C2 /* Images.xcassets */ = {isa = PBXFileReference; lastKnownFileType = folder.assetcatalog; path = Images.xcassets; sourceTree = "<group>"; };
		82EBE9B61C185315007515C2 /* Base */ = {isa = PBXFileReference; lastKnownFileType = file.xib; name = Base; path = Base.lproj/LaunchScreen.xib; sourceTree = "<group>"; };
		82EBE9BC1C185315007515C2 /* chinese_chessTests.xctest */ = {isa = PBXFileReference; explicitFileType = wrapper.cfbundle; includeInIndex = 0; path = chinese_chessTests.xctest; sourceTree = BUILT_PRODUCTS_DIR; };
		82EBE9C11C185315007515C2 /* Info.plist */ = {isa = PBXFileReference; lastKnownFileType = text.plist.xml; path = Info.plist; sourceTree = "<group>"; };
		82EBE9C21C185315007515C2 /* chinese_chessTests.m */ = {isa = PBXFileReference; lastKnownFileType = sourcecode.c.objc; path = chinese_chessTests.m; sourceTree = "<group>"; };
		82EBEA0E1C185F99007515C2 /* XZChessPiece.h */ = {isa = PBXFileReference; fileEncoding = 4; lastKnownFileType = sourcecode.c.h; path = XZChessPiece.h; sourceTree = "<group>"; };
		82EBEA0F1C185F99007515C2 /* XZChessPiece.m */ = {isa = PBXFileReference; fileEncoding = 4; lastKnownFileType = sourcecode.c.objc; path = XZChessPiece.m; sourceTree = "<group>"; };
		82EBEA111C1867FC007515C2 /* CCSystemModel.h */ = {isa = PBXFileReference; fileEncoding = 4; lastKnownFileType = sourcecode.c.h; path = CCSystemModel.h; sourceTree = "<group>"; };
		82EBEA121C1867FC007515C2 /* CCSystemModel.m */ = {isa = PBXFileReference; fileEncoding = 4; lastKnownFileType = sourcecode.c.objc; path = CCSystemModel.m; sourceTree = "<group>"; };
/* End PBXFileReference section */

/* Begin PBXFrameworksBuildPhase section */
		82EBE9A61C185315007515C2 /* Frameworks */ = {
			isa = PBXFrameworksBuildPhase;
			buildActionMask = 2147483647;
			files = (
			);
			runOnlyForDeploymentPostprocessing = 0;
		};
		82EBE9B91C185315007515C2 /* Frameworks */ = {
			isa = PBXFrameworksBuildPhase;
			buildActionMask = 2147483647;
			files = (
			);
			runOnlyForDeploymentPostprocessing = 0;
		};
/* End PBXFrameworksBuildPhase section */

/* Begin PBXGroup section */
		824B898F1C1FA56E00078A97 /* tools */ = {
			isa = PBXGroup;
			children = (
			);
			name = tools;
			sourceTree = "<group>";
		};
		824B89951C1FABE000078A97 /* common */ = {
			isa = PBXGroup;
			children = (
				8295145F1C1E638B0071E634 /* common.h */,
				824B89961C1FAC1400078A97 /* common.m */,
			);
			name = common;
			sourceTree = "<group>";
		};
		82532E1F1C2647A700A80448 /* controllers */ = {
			isa = PBXGroup;
			children = (
				824B89AD1C22549000078A97 /* XZCCViewController.h */,
				824B89AE1C22549000078A97 /* XZCCViewController.m */,
				824B89A81C2162E600078A97 /* HomeViewController.h */,
				824B89A91C2162E600078A97 /* HomeViewController.m */,
				82532E201C26485900A80448 /* XZVSViewController.h */,
				82532E211C26485900A80448 /* XZVSViewController.m */,
			);
			name = controllers;
			sourceTree = "<group>";
		};
		829514781C1E964A0071E634 /* models */ = {
			isa = PBXGroup;
			children = (
				82EBEA0E1C185F99007515C2 /* XZChessPiece.h */,
				82EBEA0F1C185F99007515C2 /* XZChessPiece.m */,
				829514741C1E904F0071E634 /* XZCPSoldier.h */,
				829514751C1E904F0071E634 /* XZCPSoldier.m */,
				829514711C1E903E0071E634 /* XZCPCannon.h */,
				829514721C1E903E0071E634 /* XZCPCannon.m */,
				8295146E1C1E90240071E634 /* XZCPGharry.h */,
				8295146F1C1E90240071E634 /* XZCPGharry.m */,
				8295146B1C1E90120071E634 /* XZCPHorse.h */,
				8295146C1C1E90120071E634 /* XZCPHorse.m */,
				829514681C1E8FF90071E634 /* XZCPElephant.h */,
				829514691C1E8FF90071E634 /* XZCPElephant.m */,
				829514651C1E8FE30071E634 /* XZCPSergeancy.h */,
				829514661C1E8FE30071E634 /* XZCPSergeancy.m */,
				829514621C1E8FAB0071E634 /* XZCPMarshal.h */,
				829514631C1E8FAB0071E634 /* XZCPMarshal.m */,
				82EBEA111C1867FC007515C2 /* CCSystemModel.h */,
				82EBEA121C1867FC007515C2 /* CCSystemModel.m */,
			);
			name = models;
			sourceTree = "<group>";
		};
		829514791C1E965F0071E634 /* views */ = {
			isa = PBXGroup;
			children = (
				82532E191C23F4F100A80448 /* MBProgressHUD.h */,
				82532E1A1C23F4F100A80448 /* MBProgressHUD.m */,
				82532E1C1C23F8F300A80448 /* Tools.h */,
				82532E1D1C23F8F300A80448 /* Tools.m */,
				824B89B01C22958F00078A97 /* XZButton.h */,
				824B89B11C22958F00078A97 /* XZButton.m */,
				8232ED611C1A6CE500539717 /* CPView.h */,
				8232ED621C1A6CE500539717 /* CPView.m */,
				8232ED641C1A6D9800539717 /* CCBoardView.h */,
				8232ED651C1A6D9800539717 /* CCBoardView.m */,
				824B89981C1FBB7000078A97 /* viewSize.h */,
				82532E251C264E1700A80448 /* RoleView.h */,
				82532E261C264E1700A80448 /* RoleView.m */,
			);
			name = views;
			sourceTree = "<group>";
		};
		82EBE9A01C185315007515C2 = {
			isa = PBXGroup;
			children = (
				82EBE9AB1C185315007515C2 /* chinese_chess */,
				82EBE9BF1C185315007515C2 /* chinese_chessTests */,
				82EBE9AA1C185315007515C2 /* Products */,
			);
			sourceTree = "<group>";
		};
		82EBE9AA1C185315007515C2 /* Products */ = {
			isa = PBXGroup;
			children = (
				82EBE9A91C185315007515C2 /* chinese_chess.app */,
				82EBE9BC1C185315007515C2 /* chinese_chessTests.xctest */,
			);
			name = Products;
			sourceTree = "<group>";
		};
		82EBE9AB1C185315007515C2 /* chinese_chess */ = {
			isa = PBXGroup;
			children = (
				82532E1F1C2647A700A80448 /* controllers */,
				824B89951C1FABE000078A97 /* common */,
				824B898F1C1FA56E00078A97 /* tools */,
				829514791C1E965F0071E634 /* views */,
				829514781C1E964A0071E634 /* models */,
				82EBE9B01C185315007515C2 /* AppDelegate.h */,
				82EBE9B11C185315007515C2 /* AppDelegate.m */,
				82EBE9D11C185ED1007515C2 /* pics */,
				82EBE9B31C185315007515C2 /* Images.xcassets */,
				82EBE9B51C185315007515C2 /* LaunchScreen.xib */,
				82EBE9AC1C185315007515C2 /* Supporting Files */,
			);
			path = chinese_chess;
			sourceTree = "<group>";
		};
		82EBE9AC1C185315007515C2 /* Supporting Files */ = {
			isa = PBXGroup;
			children = (
				82EBE9AD1C185315007515C2 /* Info.plist */,
				82EBE9AE1C185315007515C2 /* main.m */,
			);
			name = "Supporting Files";
			sourceTree = "<group>";
		};
		82EBE9BF1C185315007515C2 /* chinese_chessTests */ = {
			isa = PBXGroup;
			children = (
				82EBE9C21C185315007515C2 /* chinese_chessTests.m */,
				82EBE9C01C185315007515C2 /* Supporting Files */,
			);
			path = chinese_chessTests;
			sourceTree = "<group>";
		};
		82EBE9C01C185315007515C2 /* Supporting Files */ = {
			isa = PBXGroup;
			children = (
				82EBE9C11C185315007515C2 /* Info.plist */,
			);
			name = "Supporting Files";
			sourceTree = "<group>";
		};
		82EBE9D11C185ED1007515C2 /* pics */ = {
			isa = PBXGroup;
			children = (
				82532E231C264BD800A80448 /* ccicon.png */,
				824B89A01C21546F00078A97 /* home@2x.png */,
				824B89A21C21548B00078A97 /* home@3x.png */,
				824B89A61C21596E00078A97 /* bg@2x.png */,
				824B89A41C21596600078A97 /* bg@3x.png */,
				829514601C1E6F880071E634 /* board.jpeg */,
			);
			path = pics;
			sourceTree = "<group>";
		};
/* End PBXGroup section */

/* Begin PBXNativeTarget section */
		82EBE9A81C185315007515C2 /* chinese_chess */ = {
			isa = PBXNativeTarget;
			buildConfigurationList = 82EBE9C61C185315007515C2 /* Build configuration list for PBXNativeTarget "chinese_chess" */;
			buildPhases = (
				82EBE9A51C185315007515C2 /* Sources */,
				82EBE9A61C185315007515C2 /* Frameworks */,
				82EBE9A71C185315007515C2 /* Resources */,
			);
			buildRules = (
			);
			dependencies = (
			);
			name = chinese_chess;
			productName = chinese_chess;
			productReference = 82EBE9A91C185315007515C2 /* chinese_chess.app */;
			productType = "com.apple.product-type.application";
		};
		82EBE9BB1C185315007515C2 /* chinese_chessTests */ = {
			isa = PBXNativeTarget;
			buildConfigurationList = 82EBE9C91C185315007515C2 /* Build configuration list for PBXNativeTarget "chinese_chessTests" */;
			buildPhases = (
				82EBE9B81C185315007515C2 /* Sources */,
				82EBE9B91C185315007515C2 /* Frameworks */,
				82EBE9BA1C185315007515C2 /* Resources */,
			);
			buildRules = (
			);
			dependencies = (
				82EBE9BE1C185315007515C2 /* PBXTargetDependency */,
			);
			name = chinese_chessTests;
			productName = chinese_chessTests;
			productReference = 82EBE9BC1C185315007515C2 /* chinese_chessTests.xctest */;
			productType = "com.apple.product-type.bundle.unit-test";
		};
/* End PBXNativeTarget section */

/* Begin PBXProject section */
		82EBE9A11C185315007515C2 /* Project object */ = {
			isa = PBXProject;
			attributes = {
				LastUpgradeCheck = 0600;
				ORGANIZATIONNAME = xiaozai;
				TargetAttributes = {
					82EBE9A81C185315007515C2 = {
						CreatedOnToolsVersion = 6.0;
					};
					82EBE9BB1C185315007515C2 = {
						CreatedOnToolsVersion = 6.0;
						TestTargetID = 82EBE9A81C185315007515C2;
					};
				};
			};
			buildConfigurationList = 82EBE9A41C185315007515C2 /* Build configuration list for PBXProject "chinese_chess" */;
			compatibilityVersion = "Xcode 3.2";
			developmentRegion = English;
			hasScannedForEncodings = 0;
			knownRegions = (
				en,
				Base,
			);
			mainGroup = 82EBE9A01C185315007515C2;
			productRefGroup = 82EBE9AA1C185315007515C2 /* Products */;
			projectDirPath = "";
			projectRoot = "";
			targets = (
				82EBE9A81C185315007515C2 /* chinese_chess */,
				82EBE9BB1C185315007515C2 /* chinese_chessTests */,
			);
		};
/* End PBXProject section */

/* Begin PBXResourcesBuildPhase section */
		82EBE9A71C185315007515C2 /* Resources */ = {
			isa = PBXResourcesBuildPhase;
			buildActionMask = 2147483647;
			files = (
				824B89A31C21548B00078A97 /* home@3x.png in Resources */,
				82532E241C264BD800A80448 /* ccicon.png in Resources */,
				82EBE9B71C185315007515C2 /* LaunchScreen.xib in Resources */,
				824B89A11C21546F00078A97 /* home@2x.png in Resources */,
				829514611C1E6F880071E634 /* board.jpeg in Resources */,
				82EBE9B41C185315007515C2 /* Images.xcassets in Resources */,
				824B89A71C21596E00078A97 /* bg@2x.png in Resources */,
				824B89A51C21596600078A97 /* bg@3x.png in Resources */,
			);
			runOnlyForDeploymentPostprocessing = 0;
		};
		82EBE9BA1C185315007515C2 /* Resources */ = {
			isa = PBXResourcesBuildPhase;
			buildActionMask = 2147483647;
			files = (
			);
			runOnlyForDeploymentPostprocessing = 0;
		};
/* End PBXResourcesBuildPhase section */

/* Begin PBXSourcesBuildPhase section */
		82EBE9A51C185315007515C2 /* Sources */ = {
			isa = PBXSourcesBuildPhase;
			buildActionMask = 2147483647;
			files = (
				82EBE9B21C185315007515C2 /* AppDelegate.m in Sources */,
				829514701C1E90240071E634 /* XZCPGharry.m in Sources */,
				8295146A1C1E8FF90071E634 /* XZCPElephant.m in Sources */,
				829514761C1E904F0071E634 /* XZCPSoldier.m in Sources */,
				82EBEA131C1867FC007515C2 /* CCSystemModel.m in Sources */,
				829514671C1E8FE30071E634 /* XZCPSergeancy.m in Sources */,
				824B89AF1C22549000078A97 /* XZCCViewController.m in Sources */,
				82EBE9AF1C185315007515C2 /* main.m in Sources */,
				829514731C1E903E0071E634 /* XZCPCannon.m in Sources */,
				82532E1E1C23F8F300A80448 /* Tools.m in Sources */,
				824B89AA1C2162E600078A97 /* HomeViewController.m in Sources */,
				824B89B21C22958F00078A97 /* XZButton.m in Sources */,
				8295146D1C1E90120071E634 /* XZCPHorse.m in Sources */,
				82532E221C26485900A80448 /* XZVSViewController.m in Sources */,
				8232ED661C1A6D9800539717 /* CCBoardView.m in Sources */,
				82532E1B1C23F4F100A80448 /* MBProgressHUD.m in Sources */,
				824B89971C1FAC1400078A97 /* common.m in Sources */,
				829514641C1E8FAB0071E634 /* XZCPMarshal.m in Sources */,
				82EBEA101C185F99007515C2 /* XZChessPiece.m in Sources */,
				82532E271C264E1700A80448 /* RoleView.m in Sources */,
				8232ED631C1A6CE500539717 /* CPView.m in Sources */,
			);
			runOnlyForDeploymentPostprocessing = 0;
		};
		82EBE9B81C185315007515C2 /* Sources */ = {
			isa = PBXSourcesBuildPhase;
			buildActionMask = 2147483647;
			files = (
				82EBE9C31C185315007515C2 /* chinese_chessTests.m in Sources */,
			);
			runOnlyForDeploymentPostprocessing = 0;
		};
/* End PBXSourcesBuildPhase section */

/* Begin PBXTargetDependency section */
		82EBE9BE1C185315007515C2 /* PBXTargetDependency */ = {
			isa = PBXTargetDependency;
			target = 82EBE9A81C185315007515C2 /* chinese_chess */;
			targetProxy = 82EBE9BD1C185315007515C2 /* PBXContainerItemProxy */;
		};
/* End PBXTargetDependency section */

/* Begin PBXVariantGroup section */
		82EBE9B51C185315007515C2 /* LaunchScreen.xib */ = {
			isa = PBXVariantGroup;
			children = (
				82EBE9B61C185315007515C2 /* Base */,
			);
			name = LaunchScreen.xib;
			sourceTree = "<group>";
		};
/* End PBXVariantGroup section */

/* Begin XCBuildConfiguration section */
		82EBE9C41C185315007515C2 /* Debug */ = {
			isa = XCBuildConfiguration;
			buildSettings = {
				ALWAYS_SEARCH_USER_PATHS = NO;
				CLANG_CXX_LANGUAGE_STANDARD = "gnu++0x";
				CLANG_CXX_LIBRARY = "libc++";
				CLANG_ENABLE_MODULES = YES;
				CLANG_ENABLE_OBJC_ARC = YES;
				CLANG_WARN_BOOL_CONVERSION = YES;
				CLANG_WARN_CONSTANT_CONVERSION = YES;
				CLANG_WARN_DIRECT_OBJC_ISA_USAGE = YES_ERROR;
				CLANG_WARN_EMPTY_BODY = YES;
				CLANG_WARN_ENUM_CONVERSION = YES;
				CLANG_WARN_INT_CONVERSION = YES;
				CLANG_WARN_OBJC_ROOT_CLASS = YES_ERROR;
				CLANG_WARN_UNREACHABLE_CODE = YES;
				CLANG_WARN__DUPLICATE_METHOD_MATCH = YES;
				"CODE_SIGN_IDENTITY[sdk=iphoneos*]" = "iPhone Developer";
				COPY_PHASE_STRIP = NO;
				ENABLE_STRICT_OBJC_MSGSEND = YES;
				GCC_C_LANGUAGE_STANDARD = gnu99;
				GCC_DYNAMIC_NO_PIC = NO;
				GCC_OPTIMIZATION_LEVEL = 0;
				GCC_PREPROCESSOR_DEFINITIONS = (
					"DEBUG=1",
					"$(inherited)",
				);
				GCC_SYMBOLS_PRIVATE_EXTERN = NO;
				GCC_WARN_64_TO_32_BIT_CONVERSION = YES;
				GCC_WARN_ABOUT_RETURN_TYPE = YES_ERROR;
				GCC_WARN_UNDECLARED_SELECTOR = YES;
				GCC_WARN_UNINITIALIZED_AUTOS = YES_AGGRESSIVE;
				GCC_WARN_UNUSED_FUNCTION = YES;
				GCC_WARN_UNUSED_VARIABLE = YES;
				IPHONEOS_DEPLOYMENT_TARGET = 8.0;
				MTL_ENABLE_DEBUG_INFO = YES;
				ONLY_ACTIVE_ARCH = YES;
				SDKROOT = iphoneos;
			};
			name = Debug;
		};
		82EBE9C51C185315007515C2 /* Release */ = {
			isa = XCBuildConfiguration;
			buildSettings = {
				ALWAYS_SEARCH_USER_PATHS = NO;
				CLANG_CXX_LANGUAGE_STANDARD = "gnu++0x";
				CLANG_CXX_LIBRARY = "libc++";
				CLANG_ENABLE_MODULES = YES;
				CLANG_ENABLE_OBJC_ARC = YES;
				CLANG_WARN_BOOL_CONVERSION = YES;
				CLANG_WARN_CONSTANT_CONVERSION = YES;
				CLANG_WARN_DIRECT_OBJC_ISA_USAGE = YES_ERROR;
				CLANG_WARN_EMPTY_BODY = YES;
				CLANG_WARN_ENUM_CONVERSION = YES;
				CLANG_WARN_INT_CONVERSION = YES;
				CLANG_WARN_OBJC_ROOT_CLASS = YES_ERROR;
				CLANG_WARN_UNREACHABLE_CODE = YES;
				CLANG_WARN__DUPLICATE_METHOD_MATCH = YES;
				"CODE_SIGN_IDENTITY[sdk=iphoneos*]" = "iPhone Developer";
				COPY_PHASE_STRIP = YES;
				ENABLE_NS_ASSERTIONS = NO;
				ENABLE_STRICT_OBJC_MSGSEND = YES;
				GCC_C_LANGUAGE_STANDARD = gnu99;
				GCC_WARN_64_TO_32_BIT_CONVERSION = YES;
				GCC_WARN_ABOUT_RETURN_TYPE = YES_ERROR;
				GCC_WARN_UNDECLARED_SELECTOR = YES;
				GCC_WARN_UNINITIALIZED_AUTOS = YES_AGGRESSIVE;
				GCC_WARN_UNUSED_FUNCTION = YES;
				GCC_WARN_UNUSED_VARIABLE = YES;
				IPHONEOS_DEPLOYMENT_TARGET = 8.0;
				MTL_ENABLE_DEBUG_INFO = NO;
				SDKROOT = iphoneos;
				VALIDATE_PRODUCT = YES;
			};
			name = Release;
		};
		82EBE9C71C185315007515C2 /* Debug */ = {
			isa = XCBuildConfiguration;
			buildSettings = {
				ASSETCATALOG_COMPILER_APPICON_NAME = AppIcon;
				INFOPLIST_FILE = chinese_chess/Info.plist;
				LD_RUNPATH_SEARCH_PATHS = "$(inherited) @executable_path/Frameworks";
				PRODUCT_NAME = "$(TARGET_NAME)";
			};
			name = Debug;
		};
		82EBE9C81C185315007515C2 /* Release */ = {
			isa = XCBuildConfiguration;
			buildSettings = {
				ASSETCATALOG_COMPILER_APPICON_NAME = AppIcon;
				INFOPLIST_FILE = chinese_chess/Info.plist;
				LD_RUNPATH_SEARCH_PATHS = "$(inherited) @executable_path/Frameworks";
				PRODUCT_NAME = "$(TARGET_NAME)";
			};
			name = Release;
		};
		82EBE9CA1C185315007515C2 /* Debug */ = {
			isa = XCBuildConfiguration;
			buildSettings = {
				BUNDLE_LOADER = "$(TEST_HOST)";
				FRAMEWORK_SEARCH_PATHS = (
					"$(SDKROOT)/Developer/Library/Frameworks",
					"$(inherited)",
				);
				GCC_PREPROCESSOR_DEFINITIONS = (
					"DEBUG=1",
					"$(inherited)",
				);
				INFOPLIST_FILE = chinese_chessTests/Info.plist;
				LD_RUNPATH_SEARCH_PATHS = "$(inherited) @executable_path/Frameworks @loader_path/Frameworks";
				PRODUCT_NAME = "$(TARGET_NAME)";
				TEST_HOST = "$(BUILT_PRODUCTS_DIR)/chinese_chess.app/chinese_chess";
			};
			name = Debug;
		};
		82EBE9CB1C185315007515C2 /* Release */ = {
			isa = XCBuildConfiguration;
			buildSettings = {
				BUNDLE_LOADER = "$(TEST_HOST)";
				FRAMEWORK_SEARCH_PATHS = (
					"$(SDKROOT)/Developer/Library/Frameworks",
					"$(inherited)",
				);
				INFOPLIST_FILE = chinese_chessTests/Info.plist;
				LD_RUNPATH_SEARCH_PATHS = "$(inherited) @executable_path/Frameworks @loader_path/Frameworks";
				PRODUCT_NAME = "$(TARGET_NAME)";
				TEST_HOST = "$(BUILT_PRODUCTS_DIR)/chinese_chess.app/chinese_chess";
			};
			name = Release;
		};
/* End XCBuildConfiguration section */

/* Begin XCConfigurationList section */
		82EBE9A41C185315007515C2 /* Build configuration list for PBXProject "chinese_chess" */ = {
			isa = XCConfigurationList;
			buildConfigurations = (
				82EBE9C41C185315007515C2 /* Debug */,
				82EBE9C51C185315007515C2 /* Release */,
			);
			defaultConfigurationIsVisible = 0;
			defaultConfigurationName = Release;
		};
		82EBE9C61C185315007515C2 /* Build configuration list for PBXNativeTarget "chinese_chess" */ = {
			isa = XCConfigurationList;
			buildConfigurations = (
				82EBE9C71C185315007515C2 /* Debug */,
				82EBE9C81C185315007515C2 /* Release */,
			);
			defaultConfigurationIsVisible = 0;
			defaultConfigurationName = Release;
		};
		82EBE9C91C185315007515C2 /* Build configuration list for PBXNativeTarget "chinese_chessTests" */ = {
			isa = XCConfigurationList;
			buildConfigurations = (
				82EBE9CA1C185315007515C2 /* Debug */,
				82EBE9CB1C185315007515C2 /* Release */,
			);
			defaultConfigurationIsVisible = 0;
			defaultConfigurationName = Release;
		};
/* End XCConfigurationList section */
	};
	rootObject = 82EBE9A11C185315007515C2 /* Project object */;
}
